
Microsoft Visual Studio Solution File, Format Version 10.00
# Visual Studio 2008
Project("{8BC9CEB8-8B4A-11D0-8D11-00A0C91BC942}") = "Deform", "Deform.vcproj", "{79C0BF51-14D5-4104-9A67-B60EF30EA45F}"
EndProject
Global
	GlobalSection(SolutionConfigurationPlatforms) = preSolution
		Debug|Win32 = Debug|Win32
		Release|Win32 = Release|Win32
	EndGlobalSection
	GlobalSection(ProjectConfigurationPlatforms) = postSolution
		{79C0BF51-14D5-4104-9A67-B60EF30EA45F}.Debug|Win32.ActiveCfg = Debug|Win32
		{79C0BF51-14D5-4104-9A67-B60EF30EA45F}.Debug|Win32.Build.0 = Debug|Win32
		{79C0BF51-14D5-4104-9A67-B60EF30EA45F}.Release|Win32.ActiveCfg = Release|Win32
		{79C0BF51-14D5-4104-9A67-B60EF30EA45F}.Release|Win32.Build.0 = Release|Win32
	EndGlobalSection
	GlobalSection(SolutionProperties) = preSolution
		HideSolutionNode = FALSE
	EndGlobalSection
EndGlobal
